
Microsoft Visual Studio Solution File, Format Version 12.00
# Visual Studio Version 17
VisualStudioVersion = 17.11.35222.181
MinimumVisualStudioVersion = 10.0.40219.1
Project("{FAE04EC0-301F-11D3-BF4B-00C04F79EFBC}") = "hillerød sejleklub", "hillerød sejleklub\hillerød sejleklub.csproj", "{F74D6640-1D3D-44A1-AA70-FB3DF2C86E8F}"
EndProject
Global
	GlobalSection(SolutionConfigurationPlatforms) = preSolution
		Debug|Any CPU = Debug|Any CPU
		Release|Any CPU = Release|Any CPU
	EndGlobalSection
	GlobalSection(ProjectConfigurationPlatforms) = postSolution
		{F74D6640-1D3D-44A1-AA70-FB3DF2C86E8F}.Debug|Any CPU.ActiveCfg = Debug|Any CPU
		{F74D6640-1D3D-44A1-AA70-FB3DF2C86E8F}.Debug|Any CPU.Build.0 = Debug|Any CPU
		{F74D6640-1D3D-44A1-AA70-FB3DF2C86E8F}.Release|Any CPU.ActiveCfg = Release|Any CPU
		{F74D6640-1D3D-44A1-AA70-FB3DF2C86E8F}.Release|Any CPU.Build.0 = Release|Any CPU
	EndGlobalSection
	GlobalSection(SolutionProperties) = preSolution
		HideSolutionNode = FALSE
	EndGlobalSection
	GlobalSection(ExtensibilityGlobals) = postSolution
		SolutionGuid = {5B215B09-9F15-4D49-97EB-5940D48145A1}
	EndGlobalSection
EndGlobal
